dependencies:
  espressif/esp_lvgl_port:
    component_hash: 87bcb7ffebf255154445c2d7b4580e12f94efa43e6cf136214e4b9250e6848ae
    dependencies:
    - name: idf
      version: '>=5.2'
    - name: lvgl/lvgl
      public: true
      version: '>=8,<10'
    source:
      git: https://github.com/espressif/esp-bsp.git
      path: components/esp_lvgl_port
      type: git
    version: 75f65af533c3ccc5abda9488a55586cb0ed4f21c
  idf:
    source:
      type: idf
    version: 6.0.0
  lvgl/lvgl:
    component_hash: 184e532558c1c45fefed631f3e235423d22582aafb4630f3e8885c35281a49ae
    dependencies: []
    source:
      registry_url: https://components.espressif.com/
      type: service
    version: 9.5.0
direct_dependencies:
- espressif/esp_lvgl_port
- idf
- lvgl/lvgl
manifest_hash: 63b6bb31e910d7337a543a1ed97b133211eb7fa42d7c1e323f5c686971af948f
target: esp32s3
version: 2.0.0
